
Microsoft Visual Studio Solution File, Format Version 12.00
# Visual Studio Version 17
VisualStudioVersion = 17.8.34511.84
MinimumVisualStudioVersion = 10.0.40219.1
Project("{FAE04EC0-301F-11D3-BF4B-00C04F79EFBC}") = "demo", "demo\demo.csproj", "{3FA39694-ADB8-4228-90FA-425DDBA4F57D}"
EndProject
Global
	GlobalSection(SolutionConfigurationPlatforms) = preSolution
		Debug|Any CPU = Debug|Any CPU
		Release|Any CPU = Release|Any CPU
	EndGlobalSection
	GlobalSection(ProjectConfigurationPlatforms) = postSolution
		{3FA39694-ADB8-4228-90FA-425DDBA4F57D}.Debug|Any CPU.ActiveCfg = Debug|Any CPU
		{3FA39694-ADB8-4228-90FA-425DDBA4F57D}.Debug|Any CPU.Build.0 = Debug|Any CPU
		{3FA39694-ADB8-4228-90FA-425DDBA4F57D}.Release|Any CPU.ActiveCfg = Release|Any CPU
		{3FA39694-ADB8-4228-90FA-425DDBA4F57D}.Release|Any CPU.Build.0 = Release|Any CPU
	EndGlobalSection
	GlobalSection(SolutionProperties) = preSolution
		HideSolutionNode = FALSE
	EndGlobalSection
	GlobalSection(ExtensibilityGlobals) = postSolution
		SolutionGuid = {3ECD9A7B-6E4E-41DC-8642-AC5207FA7C00}
	EndGlobalSection
EndGlobal
